// !$*UTF8*$!
{
	archiveVersion = 1;
	classes = {
	};
	objectVersion = 46;
	objects = {

/* Begin PBXBuildFile section */
		D90C0CE41EB99E3000B9BA16 /* mushroomIcon.png in Resources */ = {isa = PBXBuildFile; fileRef = D90C0CE31EB99E3000B9BA16 /* mushroomIcon.png */; };
		D90C0CE61EB9A11600B9BA16 /* mushroom.png in Resources */ = {isa = PBXBuildFile; fileRef = D90C0CE51EB9A11600B9BA16 /* mushroom.png */; };
		D95E8D041DA04CA10043E762 /* vistaConfirmacion.swift in Sources */ = {isa = PBXBuildFile; fileRef = D95E8D031DA04CA10043E762 /* vistaConfirmacion.swift */; };
		D98C32A91EBBE6FE006F9622 /* pizza.png in Resources */ = {isa = PBXBuildFile; fileRef = D98C32A81EBBE6FE006F9622 /* pizza.png */; };
		D9C990A51D9D669C000D5DF5 /* AppDelegate.swift in Sources */ = {isa = PBXBuildFile; fileRef = D9C990A41D9D669C000D5DF5 /* AppDelegate.swift */; };
		D9C990A71D9D669C000D5DF5 /* ViewController.swift in Sources */ = {isa = PBXBuildFile; fileRef = D9C990A61D9D669C000D5DF5 /* ViewController.swift */; };
		D9C990AA1D9D669C000D5DF5 /* Main.storyboard in Resources */ = {isa = PBXBuildFile; fileRef = D9C990A81D9D669C000D5DF5 /* Main.storyboard */; };
		D9C990AC1D9D669C000D5DF5 /* Assets.xcassets in Resources */ = {isa = PBXBuildFile; fileRef = D9C990AB1D9D669C000D5DF5 /* Assets.xcassets */; };
		D9C990AF1D9D669C000D5DF5 /* LaunchScreen.storyboard in Resources */ = {isa = PBXBuildFile; fileRef = D9C990AD1D9D669C000D5DF5 /* LaunchScreen.storyboard */; };
		D9C990B41D9D669C000D5DF5 /* PizzaAWatch WatchKit App.app in Embed Watch Content */ = {isa = PBXBuildFile; fileRef = D9C990B31D9D669C000D5DF5 /* PizzaAWatch WatchKit App.app */; };
		D9C990BA1D9D669C000D5DF5 /* Interface.storyboard in Resources */ = {isa = PBXBuildFile; fileRef = D9C990B81D9D669C000D5DF5 /* Interface.storyboard */; };
		D9C990BC1D9D669C000D5DF5 /* Assets.xcassets in Resources */ = {isa = PBXBuildFile; fileRef = D9C990BB1D9D669C000D5DF5 /* Assets.xcassets */; };
		D9C990C31D9D669C000D5DF5 /* PizzaAWatch WatchKit Extension.appex in Embed App Extensions */ = {isa = PBXBuildFile; fileRef = D9C990C21D9D669C000D5DF5 /* PizzaAWatch WatchKit Extension.appex */; settings = {ATTRIBUTES = (RemoveHeadersOnCopy, ); }; };
		D9C990C81D9D669C000D5DF5 /* InterfaceController.swift in Sources */ = {isa = PBXBuildFile; fileRef = D9C990C71D9D669C000D5DF5 /* InterfaceController.swift */; };
		D9C990CA1D9D669C000D5DF5 /* ExtensionDelegate.swift in Sources */ = {isa = PBXBuildFile; fileRef = D9C990C91D9D669C000D5DF5 /* ExtensionDelegate.swift */; };
		D9C990CC1D9D669C000D5DF5 /* Assets.xcassets in Resources */ = {isa = PBXBuildFile; fileRef = D9C990CB1D9D669C000D5DF5 /* Assets.xcassets */; };
		D9C990DE1D9D68E5000D5DF5 /* vistaTamaño.swift in Sources */ = {isa = PBXBuildFile; fileRef = D9C990DD1D9D68E5000D5DF5 /* vistaTamaño.swift */; };
		D9C990E41D9D6F19000D5DF5 /* VistaQueso.swift in Sources */ = {isa = PBXBuildFile; fileRef = D9C990E31D9D6F19000D5DF5 /* VistaQueso.swift */; };
		D9C990E61D9D78EE000D5DF5 /* Pizza.swift in Sources */ = {isa = PBXBuildFile; fileRef = D9C990E51D9D78EE000D5DF5 /* Pizza.swift */; };
		D9C990E81D9DA7EC000D5DF5 /* vistaPasta.swift in Sources */ = {isa = PBXBuildFile; fileRef = D9C990E71D9DA7EC000D5DF5 /* vistaPasta.swift */; };
		D9C990EA1D9DADA5000D5DF5 /* vistaIngredientes.swift in Sources */ = {isa = PBXBuildFile; fileRef = D9C990E91D9DADA5000D5DF5 /* vistaIngredientes.swift */; };
/* End PBXBuildFile section */

/* Begin PBXContainerItemProxy section */
		D9C990B51D9D669C000D5DF5 /* PBXContainerItemProxy */ = {
			isa = PBXContainerItemProxy;
			containerPortal = D9C990991D9D669C000D5DF5 /* Project object */;
			proxyType = 1;
			remoteGlobalIDString = D9C990B21D9D669C000D5DF5;
			remoteInfo = "PizzaAWatch WatchKit App";
		};
		D9C990C41D9D669C000D5DF5 /* PBXContainerItemProxy */ = {
			isa = PBXContainerItemProxy;
			containerPortal = D9C990991D9D669C000D5DF5 /* Project object */;
			proxyType = 1;
			remoteGlobalIDString = D9C990C11D9D669C000D5DF5;
			remoteInfo = "PizzaAWatch WatchKit Extension";
		};
/* End PBXContainerItemProxy section */

/* Begin PBXCopyFilesBuildPhase section */
		D9C990D31D9D669C000D5DF5 /* Embed App Extensions */ = {
			isa = PBXCopyFilesBuildPhase;
			buildActionMask = 2147483647;
			dstPath = "";
			dstSubfolderSpec = 13;
			files = (
				D9C990C31D9D669C000D5DF5 /* PizzaAWatch WatchKit Extension.appex in Embed App Extensions */,
			);
			name = "Embed App Extensions";
			runOnlyForDeploymentPostprocessing = 0;
		};
		D9C990D71D9D669C000D5DF5 /* Embed Watch Content */ = {
			isa = PBXCopyFilesBuildPhase;
			buildActionMask = 2147483647;
			dstPath = "$(CONTENTS_FOLDER_PATH)/Watch";
			dstSubfolderSpec = 16;
			files = (
				D9C990B41D9D669C000D5DF5 /* PizzaAWatch WatchKit App.app in Embed Watch Content */,
			);
			name = "Embed Watch Content";
			runOnlyForDeploymentPostprocessing = 0;
		};
/* End PBXCopyFilesBuildPhase section */

/* Begin PBXFileReference section */
		D90C0CE31EB99E3000B9BA16 /* mushroomIcon.png */ = {isa = PBXFileReference; lastKnownFileType = image.png; path = mushroomIcon.png; sourceTree = "<group>"; };
		D90C0CE51EB9A11600B9BA16 /* mushroom.png */ = {isa = PBXFileReference; lastKnownFileType = image.png; path = mushroom.png; sourceTree = "<group>"; };
		D95E8D031DA04CA10043E762 /* vistaConfirmacion.swift */ = {isa = PBXFileReference; fileEncoding = 4; lastKnownFileType = sourcecode.swift; path = vistaConfirmacion.swift; sourceTree = "<group>"; };
		D98C32A81EBBE6FE006F9622 /* pizza.png */ = {isa = PBXFileReference; lastKnownFileType = image.png; path = pizza.png; sourceTree = "<group>"; };
		D9C990A11D9D669C000D5DF5 /* PizzaAWatch.app */ = {isa = PBXFileReference; explicitFileType = wrapper.application; includeInIndex = 0; path = PizzaAWatch.app; sourceTree = BUILT_PRODUCTS_DIR; };
		D9C990A41D9D669C000D5DF5 /* AppDelegate.swift */ = {isa = PBXFileReference; lastKnownFileType = sourcecode.swift; path = AppDelegate.swift; sourceTree = "<group>"; };
		D9C990A61D9D669C000D5DF5 /* ViewController.swift */ = {isa = PBXFileReference; lastKnownFileType = sourcecode.swift; path = ViewController.swift; sourceTree = "<group>"; };
		D9C990A91D9D669C000D5DF5 /* Base */ = {isa = PBXFileReference; lastKnownFileType = file.storyboard; name = Base; path = Base.lproj/Main.storyboard; sourceTree = "<group>"; };
		D9C990AB1D9D669C000D5DF5 /* Assets.xcassets */ = {isa = PBXFileReference; lastKnownFileType = folder.assetcatalog; path = Assets.xcassets; sourceTree = "<group>"; };
		D9C990AE1D9D669C000D5DF5 /* Base */ = {isa = PBXFileReference; lastKnownFileType = file.storyboard; name = Base; path = Base.lproj/LaunchScreen.storyboard; sourceTree = "<group>"; };
		D9C990B01D9D669C000D5DF5 /* Info.plist */ = {isa = PBXFileReference; lastKnownFileType = text.plist.xml; path = Info.plist; sourceTree = "<group>"; };
		D9C990B31D9D669C000D5DF5 /* PizzaAWatch WatchKit App.app */ = {isa = PBXFileReference; explicitFileType = wrapper.application; includeInIndex = 0; path = "PizzaAWatch WatchKit App.app"; sourceTree = BUILT_PRODUCTS_DIR; };
		D9C990B91D9D669C000D5DF5 /* Base */ = {isa = PBXFileReference; lastKnownFileType = file.storyboard; name = Base; path = Base.lproj/Interface.storyboard; sourceTree = "<group>"; };
		D9C990BB1D9D669C000D5DF5 /* Assets.xcassets */ = {isa = PBXFileReference; lastKnownFileType = folder.assetcatalog; path = Assets.xcassets; sourceTree = "<group>"; };
		D9C990BD1D9D669C000D5DF5 /* Info.plist */ = {isa = PBXFileReference; lastKnownFileType = text.plist.xml; path = Info.plist; sourceTree = "<group>"; };
		D9C990C21D9D669C000D5DF5 /* PizzaAWatch WatchKit Extension.appex */ = {isa = PBXFileReference; explicitFileType = "wrapper.app-extension"; includeInIndex = 0; path = "PizzaAWatch WatchKit Extension.appex"; sourceTree = BUILT_PRODUCTS_DIR; };
		D9C990C71D9D669C000D5DF5 /* InterfaceController.swift */ = {isa = PBXFileReference; lastKnownFileType = sourcecode.swift; path = InterfaceController.swift; sourceTree = "<group>"; };
		D9C990C91D9D669C000D5DF5 /* ExtensionDelegate.swift */ = {isa = PBXFileReference; lastKnownFileType = sourcecode.swift; path = ExtensionDelegate.swift; sourceTree = "<group>"; };
		D9C990CB1D9D669C000D5DF5 /* Assets.xcassets */ = {isa = PBXFileReference; lastKnownFileType = folder.assetcatalog; path = Assets.xcassets; sourceTree = "<group>"; };
		D9C990CD1D9D669C000D5DF5 /* Info.plist */ = {isa = PBXFileReference; lastKnownFileType = text.plist.xml; path = Info.plist; sourceTree = "<group>"; };
		D9C990DD1D9D68E5000D5DF5 /* vistaTamaño.swift */ = {isa = PBXFileReference; fileEncoding = 4; lastKnownFileType = sourcecode.swift; path = "vistaTamaño.swift"; sourceTree = "<group>"; };
		D9C990E31D9D6F19000D5DF5 /* VistaQueso.swift */ = {isa = PBXFileReference; fileEncoding = 4; lastKnownFileType = sourcecode.swift; path = VistaQueso.swift; sourceTree = "<group>"; };
		D9C990E51D9D78EE000D5DF5 /* Pizza.swift */ = {isa = PBXFileReference; fileEncoding = 4; lastKnownFileType = sourcecode.swift; path = Pizza.swift; sourceTree = "<group>"; };
		D9C990E71D9DA7EC000D5DF5 /* vistaPasta.swift */ = {isa = PBXFileReference; fileEncoding = 4; lastKnownFileType = sourcecode.swift; path = vistaPasta.swift; sourceTree = "<group>"; };
		D9C990E91D9DADA5000D5DF5 /* vistaIngredientes.swift */ = {isa = PBXFileReference; fileEncoding = 4; lastKnownFileType = sourcecode.swift; path = vistaIngredientes.swift; sourceTree = "<group>"; };
/* End PBXFileReference section */

/* Begin PBXFrameworksBuildPhase section */
		D9C9909E1D9D669C000D5DF5 /* Frameworks */ = {
			isa = PBXFrameworksBuildPhase;
			buildActionMask = 2147483647;
			files = (
			);
			runOnlyForDeploymentPostprocessing = 0;
		};
		D9C990BF1D9D669C000D5DF5 /* Frameworks */ = {
			isa = PBXFrameworksBuildPhase;
			buildActionMask = 2147483647;
			files = (
			);
			runOnlyForDeploymentPostprocessing = 0;
		};
/* End PBXFrameworksBuildPhase section */

/* Begin PBXGroup section */
		D9C990981D9D669C000D5DF5 = {
			isa = PBXGroup;
			children = (
				D9C990A31D9D669C000D5DF5 /* PizzaAWatch */,
				D9C990B71D9D669C000D5DF5 /* PizzaAWatch WatchKit App */,
				D9C990C61D9D669C000D5DF5 /* PizzaAWatch WatchKit Extension */,
				D9C990A21D9D669C000D5DF5 /* Products */,
			);
			sourceTree = "<group>";
		};
		D9C990A21D9D669C000D5DF5 /* Products */ = {
			isa = PBXGroup;
			children = (
				D9C990A11D9D669C000D5DF5 /* PizzaAWatch.app */,
				D9C990B31D9D669C000D5DF5 /* PizzaAWatch WatchKit App.app */,
				D9C990C21D9D669C000D5DF5 /* PizzaAWatch WatchKit Extension.appex */,
			);
			name = Products;
			sourceTree = "<group>";
		};
		D9C990A31D9D669C000D5DF5 /* PizzaAWatch */ = {
			isa = PBXGroup;
			children = (
				D9C990A41D9D669C000D5DF5 /* AppDelegate.swift */,
				D9C990A61D9D669C000D5DF5 /* ViewController.swift */,
				D9C990A81D9D669C000D5DF5 /* Main.storyboard */,
				D9C990AB1D9D669C000D5DF5 /* Assets.xcassets */,
				D9C990AD1D9D669C000D5DF5 /* LaunchScreen.storyboard */,
				D9C990B01D9D669C000D5DF5 /* Info.plist */,
			);
			path = PizzaAWatch;
			sourceTree = "<group>";
		};
		D9C990B71D9D669C000D5DF5 /* PizzaAWatch WatchKit App */ = {
			isa = PBXGroup;
			children = (
				D9C990B81D9D669C000D5DF5 /* Interface.storyboard */,
				D9C990BB1D9D669C000D5DF5 /* Assets.xcassets */,
				D98C32A81EBBE6FE006F9622 /* pizza.png */,
				D90C0CE31EB99E3000B9BA16 /* mushroomIcon.png */,
				D90C0CE51EB9A11600B9BA16 /* mushroom.png */,
				D9C990BD1D9D669C000D5DF5 /* Info.plist */,
			);
			path = "PizzaAWatch WatchKit App";
			sourceTree = "<group>";
		};
		D9C990C61D9D669C000D5DF5 /* PizzaAWatch WatchKit Extension */ = {
			isa = PBXGroup;
			children = (
				D9C990C71D9D669C000D5DF5 /* InterfaceController.swift */,
				D9C990C91D9D669C000D5DF5 /* ExtensionDelegate.swift */,
				D9C990CB1D9D669C000D5DF5 /* Assets.xcassets */,
				D9C990CD1D9D669C000D5DF5 /* Info.plist */,
				D9C990DD1D9D68E5000D5DF5 /* vistaTamaño.swift */,
				D9C990E31D9D6F19000D5DF5 /* VistaQueso.swift */,
				D9C990E51D9D78EE000D5DF5 /* Pizza.swift */,
				D9C990E71D9DA7EC000D5DF5 /* vistaPasta.swift */,
				D9C990E91D9DADA5000D5DF5 /* vistaIngredientes.swift */,
				D95E8D031DA04CA10043E762 /* vistaConfirmacion.swift */,
			);
			path = "PizzaAWatch WatchKit Extension";
			sourceTree = "<group>";
		};
/* End PBXGroup section */

/* Begin PBXNativeTarget section */
		D9C990A01D9D669C000D5DF5 /* PizzaAWatch */ = {
			isa = PBXNativeTarget;
			buildConfigurationList = D9C990D81D9D669C000D5DF5 /* Build configuration list for PBXNativeTarget "PizzaAWatch" */;
			buildPhases = (
				D9C9909D1D9D669C000D5DF5 /* Sources */,
				D9C9909E1D9D669C000D5DF5 /* Frameworks */,
				D9C9909F1D9D669C000D5DF5 /* Resources */,
				D9C990D71D9D669C000D5DF5 /* Embed Watch Content */,
			);
			buildRules = (
			);
			dependencies = (
				D9C990B61D9D669C000D5DF5 /* PBXTargetDependency */,
			);
			name = PizzaAWatch;
			productName = PizzaAWatch;
			productReference = D9C990A11D9D669C000D5DF5 /* PizzaAWatch.app */;
			productType = "com.apple.product-type.application";
		};
		D9C990B21D9D669C000D5DF5 /* PizzaAWatch WatchKit App */ = {
			isa = PBXNativeTarget;
			buildConfigurationList = D9C990D41D9D669C000D5DF5 /* Build configuration list for PBXNativeTarget "PizzaAWatch WatchKit App" */;
			buildPhases = (
				D9C990B11D9D669C000D5DF5 /* Resources */,
				D9C990D31D9D669C000D5DF5 /* Embed App Extensions */,
			);
			buildRules = (
			);
			dependencies = (
				D9C990C51D9D669C000D5DF5 /* PBXTargetDependency */,
			);
			name = "PizzaAWatch WatchKit App";
			productName = "PizzaAWatch WatchKit App";
			productReference = D9C990B31D9D669C000D5DF5 /* PizzaAWatch WatchKit App.app */;
			productType = "com.apple.product-type.application.watchapp2";
		};
		D9C990C11D9D669C000D5DF5 /* PizzaAWatch WatchKit Extension */ = {
			isa = PBXNativeTarget;
			buildConfigurationList = D9C990D01D9D669C000D5DF5 /* Build configuration list for PBXNativeTarget "PizzaAWatch WatchKit Extension" */;
			buildPhases = (
				D9C990BE1D9D669C000D5DF5 /* Sources */,
				D9C990BF1D9D669C000D5DF5 /* Frameworks */,
				D9C990C01D9D669C000D5DF5 /* Resources */,
			);
			buildRules = (
			);
			dependencies = (
			);
			name = "PizzaAWatch WatchKit Extension";
			productName = "PizzaAWatch WatchKit Extension";
			productReference = D9C990C21D9D669C000D5DF5 /* PizzaAWatch WatchKit Extension.appex */;
			productType = "com.apple.product-type.watchkit2-extension";
		};
/* End PBXNativeTarget section */

/* Begin PBXProject section */
		D9C990991D9D669C000D5DF5 /* Project object */ = {
			isa = PBXProject;
			attributes = {
				LastSwiftUpdateCheck = 0730;
				LastUpgradeCheck = 0730;
				ORGANIZATIONNAME = "Ian ArvizuBeast9";
				TargetAttributes = {
					D9C990A01D9D669C000D5DF5 = {
						CreatedOnToolsVersion = 7.3.1;
					};
					D9C990B21D9D669C000D5DF5 = {
						CreatedOnToolsVersion = 7.3.1;
					};
					D9C990C11D9D669C000D5DF5 = {
						CreatedOnToolsVersion = 7.3.1;
					};
				};
			};
			buildConfigurationList = D9C9909C1D9D669C000D5DF5 /* Build configuration list for PBXProject "PizzaAWatch" */;
			compatibilityVersion = "Xcode 3.2";
			developmentRegion = English;
			hasScannedForEncodings = 0;
			knownRegions = (
				en,
				Base,
			);
			mainGroup = D9C990981D9D669C000D5DF5;
			productRefGroup = D9C990A21D9D669C000D5DF5 /* Products */;
			projectDirPath = "";
			projectRoot = "";
			targets = (
				D9C990A01D9D669C000D5DF5 /* PizzaAWatch */,
				D9C990B21D9D669C000D5DF5 /* PizzaAWatch WatchKit App */,
				D9C990C11D9D669C000D5DF5 /* PizzaAWatch WatchKit Extension */,
			);
		};
/* End PBXProject section */

/* Begin PBXResourcesBuildPhase section */
		D9C9909F1D9D669C000D5DF5 /* Resources */ = {
			isa = PBXResourcesBuildPhase;
			buildActionMask = 2147483647;
			files = (
				D9C990AF1D9D669C000D5DF5 /* LaunchScreen.storyboard in Resources */,
				D9C990AC1D9D669C000D5DF5 /* Assets.xcassets in Resources */,
				D9C990AA1D9D669C000D5DF5 /* Main.storyboard in Resources */,
			);
			runOnlyForDeploymentPostprocessing = 0;
		};
		D9C990B11D9D669C000D5DF5 /* Resources */ = {
			isa = PBXResourcesBuildPhase;
			buildActionMask = 2147483647;
			files = (
				D98C32A91EBBE6FE006F9622 /* pizza.png in Resources */,
				D90C0CE41EB99E3000B9BA16 /* mushroomIcon.png in Resources */,
				D90C0CE61EB9A11600B9BA16 /* mushroom.png in Resources */,
				D9C990BC1D9D669C000D5DF5 /* Assets.xcassets in Resources */,
				D9C990BA1D9D669C000D5DF5 /* Interface.storyboard in Resources */,
			);
			runOnlyForDeploymentPostprocessing = 0;
		};
		D9C990C01D9D669C000D5DF5 /* Resources */ = {
			isa = PBXResourcesBuildPhase;
			buildActionMask = 2147483647;
			files = (
				D9C990CC1D9D669C000D5DF5 /* Assets.xcassets in Resources */,
			);
			runOnlyForDeploymentPostprocessing = 0;
		};
/* End PBXResourcesBuildPhase section */

/* Begin PBXSourcesBuildPhase section */
		D9C9909D1D9D669C000D5DF5 /* Sources */ = {
			isa = PBXSourcesBuildPhase;
			buildActionMask = 2147483647;
			files = (
				D9C990A71D9D669C000D5DF5 /* ViewController.swift in Sources */,
				D9C990A51D9D669C000D5DF5 /* AppDelegate.swift in Sources */,
			);
			runOnlyForDeploymentPostprocessing = 0;
		};
		D9C990BE1D9D669C000D5DF5 /* Sources */ = {
			isa = PBXSourcesBuildPhase;
			buildActionMask = 2147483647;
			files = (
				D9C990DE1D9D68E5000D5DF5 /* vistaTamaño.swift in Sources */,
				D95E8D041DA04CA10043E762 /* vistaConfirmacion.swift in Sources */,
				D9C990E41D9D6F19000D5DF5 /* VistaQueso.swift in Sources */,
				D9C990E61D9D78EE000D5DF5 /* Pizza.swift in Sources */,
				D9C990CA1D9D669C000D5DF5 /* ExtensionDelegate.swift in Sources */,
				D9C990C81D9D669C000D5DF5 /* InterfaceController.swift in Sources */,
				D9C990E81D9DA7EC000D5DF5 /* vistaPasta.swift in Sources */,
				D9C990EA1D9DADA5000D5DF5 /* vistaIngredientes.swift in Sources */,
			);
			runOnlyForDeploymentPostprocessing = 0;
		};
/* End PBXSourcesBuildPhase section */

/* Begin PBXTargetDependency section */
		D9C990B61D9D669C000D5DF5 /* PBXTargetDependency */ = {
			isa = PBXTargetDependency;
			target = D9C990B21D9D669C000D5DF5 /* PizzaAWatch WatchKit App */;
			targetProxy = D9C990B51D9D669C000D5DF5 /* PBXContainerItemProxy */;
		};
		D9C990C51D9D669C000D5DF5 /* PBXTargetDependency */ = {
			isa = PBXTargetDependency;
			target = D9C990C11D9D669C000D5DF5 /* PizzaAWatch WatchKit Extension */;
			targetProxy = D9C990C41D9D669C000D5DF5 /* PBXContainerItemProxy */;
		};
/* End PBXTargetDependency section */

/* Begin PBXVariantGroup section */
		D9C990A81D9D669C000D5DF5 /* Main.storyboard */ = {
			isa = PBXVariantGroup;
			children = (
				D9C990A91D9D669C000D5DF5 /* Base */,
			);
			name = Main.storyboard;
			sourceTree = "<group>";
		};
		D9C990AD1D9D669C000D5DF5 /* LaunchScreen.storyboard */ = {
			isa = PBXVariantGroup;
			children = (
				D9C990AE1D9D669C000D5DF5 /* Base */,
			);
			name = LaunchScreen.storyboard;
			sourceTree = "<group>";
		};
		D9C990B81D9D669C000D5DF5 /* Interface.storyboard */ = {
			isa = PBXVariantGroup;
			children = (
				D9C990B91D9D669C000D5DF5 /* Base */,
			);
			name = Interface.storyboard;
			sourceTree = "<group>";
		};
/* End PBXVariantGroup section */

/* Begin XCBuildConfiguration section */
		D9C990CE1D9D669C000D5DF5 /* Debug */ = {
			isa = XCBuildConfiguration;
			buildSettings = {
				ALWAYS_SEARCH_USER_PATHS = NO;
				CLANG_ANALYZER_NONNULL = YES;
				CLANG_CXX_LANGUAGE_STANDARD = "gnu++0x";
				CLANG_CXX_LIBRARY = "libc++";
				CLANG_ENABLE_MODULES = YES;
				CLANG_ENABLE_OBJC_ARC = YES;
				CLANG_WARN_BOOL_CONVERSION = YES;
				CLANG_WARN_CONSTANT_CONVERSION = YES;
				CLANG_WARN_DIRECT_OBJC_ISA_USAGE = YES_ERROR;
				CLANG_WARN_EMPTY_BODY = YES;
				CLANG_WARN_ENUM_CONVERSION = YES;
				CLANG_WARN_INT_CONVERSION = YES;
				CLANG_WARN_OBJC_ROOT_CLASS = YES_ERROR;
				CLANG_WARN_UNREACHABLE_CODE = YES;
				CLANG_WARN__DUPLICATE_METHOD_MATCH = YES;
				"CODE_SIGN_IDENTITY[sdk=iphoneos*]" = "iPhone Developer";
				COPY_PHASE_STRIP = NO;
				DEBUG_INFORMATION_FORMAT = dwarf;
				ENABLE_STRICT_OBJC_MSGSEND = YES;
				ENABLE_TESTABILITY = YES;
				GCC_C_LANGUAGE_STANDARD = gnu99;
				GCC_DYNAMIC_NO_PIC = NO;
				GCC_NO_COMMON_BLOCKS = YES;
				GCC_OPTIMIZATION_LEVEL = 0;
				GCC_PREPROCESSOR_DEFINITIONS = (
					"DEBUG=1",
					"$(inherited)",
				);
				GCC_WARN_64_TO_32_BIT_CONVERSION = YES;
				GCC_WARN_ABOUT_RETURN_TYPE = YES_ERROR;
				GCC_WARN_UNDECLARED_SELECTOR = YES;
				GCC_WARN_UNINITIALIZED_AUTOS = YES_AGGRESSIVE;
				GCC_WARN_UNUSED_FUNCTION = YES;
				GCC_WARN_UNUSED_VARIABLE = YES;
				IPHONEOS_DEPLOYMENT_TARGET = 9.3;
				MTL_ENABLE_DEBUG_INFO = YES;
				ONLY_ACTIVE_ARCH = YES;
				SDKROOT = iphoneos;
				SWIFT_OPTIMIZATION_LEVEL = "-Onone";
			};
			name = Debug;
		};
		D9C990CF1D9D669C000D5DF5 /* Release */ = {
			isa = XCBuildConfiguration;
			buildSettings = {
				ALWAYS_SEARCH_USER_PATHS = NO;
				CLANG_ANALYZER_NONNULL = YES;
				CLANG_CXX_LANGUAGE_STANDARD = "gnu++0x";
				CLANG_CXX_LIBRARY = "libc++";
				CLANG_ENABLE_MODULES = YES;
				CLANG_ENABLE_OBJC_ARC = YES;
				CLANG_WARN_BOOL_CONVERSION = YES;
				CLANG_WARN_CONSTANT_CONVERSION = YES;
				CLANG_WARN_DIRECT_OBJC_ISA_USAGE = YES_ERROR;
				CLANG_WARN_EMPTY_BODY = YES;
				CLANG_WARN_ENUM_CONVERSION = YES;
				CLANG_WARN_INT_CONVERSION = YES;
				CLANG_WARN_OBJC_ROOT_CLASS = YES_ERROR;
				CLANG_WARN_UNREACHABLE_CODE = YES;
				CLANG_WARN__DUPLICATE_METHOD_MATCH = YES;
				"CODE_SIGN_IDENTITY[sdk=iphoneos*]" = "iPhone Developer";
				COPY_PHASE_STRIP = NO;
				DEBUG_INFORMATION_FORMAT = "dwarf-with-dsym";
				ENABLE_NS_ASSERTIONS = NO;
				ENABLE_STRICT_OBJC_MSGSEND = YES;
				GCC_C_LANGUAGE_STANDARD = gnu99;
				GCC_NO_COMMON_BLOCKS = YES;
				GCC_WARN_64_TO_32_BIT_CONVERSION = YES;
				GCC_WARN_ABOUT_RETURN_TYPE = YES_ERROR;
				GCC_WARN_UNDECLARED_SELECTOR = YES;
				GCC_WARN_UNINITIALIZED_AUTOS = YES_AGGRESSIVE;
				GCC_WARN_UNUSED_FUNCTION = YES;
				GCC_WARN_UNUSED_VARIABLE = YES;
				IPHONEOS_DEPLOYMENT_TARGET = 9.3;
				MTL_ENABLE_DEBUG_INFO = NO;
				SDKROOT = iphoneos;
				VALIDATE_PRODUCT = YES;
			};
			name = Release;
		};
		D9C990D11D9D669C000D5DF5 /* Debug */ = {
			isa = XCBuildConfiguration;
			buildSettings = {
				INFOPLIST_FILE = "PizzaAWatch WatchKit Extension/Info.plist";
				LD_RUNPATH_SEARCH_PATHS = "$(inherited) @executable_path/Frameworks @executable_path/../../Frameworks";
				PRODUCT_BUNDLE_IDENTIFIER = com.Beast9.PizzaAWatch.watchkitapp.watchkitextension;
				PRODUCT_NAME = "${TARGET_NAME}";
				SDKROOT = watchos;
				SKIP_INSTALL = YES;
				TARGETED_DEVICE_FAMILY = 4;
				WATCHOS_DEPLOYMENT_TARGET = 2.2;
			};
			name = Debug;
		};
		D9C990D21D9D669C000D5DF5 /* Release */ = {
			isa = XCBuildConfiguration;
			buildSettings = {
				INFOPLIST_FILE = "PizzaAWatch WatchKit Extension/Info.plist";
				LD_RUNPATH_SEARCH_PATHS = "$(inherited) @executable_path/Frameworks @executable_path/../../Frameworks";
				PRODUCT_BUNDLE_IDENTIFIER = com.Beast9.PizzaAWatch.watchkitapp.watchkitextension;
				PRODUCT_NAME = "${TARGET_NAME}";
				SDKROOT = watchos;
				SKIP_INSTALL = YES;
				TARGETED_DEVICE_FAMILY = 4;
				WATCHOS_DEPLOYMENT_TARGET = 2.2;
			};
			name = Release;
		};
		D9C990D51D9D669C000D5DF5 /* Debug */ = {
			isa = XCBuildConfiguration;
			buildSettings = {
				ASSETCATALOG_COMPILER_APPICON_NAME = AppIcon;
				EMBEDDED_CONTENT_CONTAINS_SWIFT = YES;
				IBSC_MODULE = PizzaAWatch_WatchKit_Extension;
				INFOPLIST_FILE = "PizzaAWatch WatchKit App/Info.plist";
				PRODUCT_BUNDLE_IDENTIFIER = com.Beast9.PizzaAWatch.watchkitapp;
				PRODUCT_NAME = "$(TARGET_NAME)";
				SDKROOT = watchos;
				SKIP_INSTALL = YES;
				TARGETED_DEVICE_FAMILY = 4;
				WATCHOS_DEPLOYMENT_TARGET = 2.2;
			};
			name = Debug;
		};
		D9C990D61D9D669C000D5DF5 /* Release */ = {
			isa = XCBuildConfiguration;
			buildSettings = {
				ASSETCATALOG_COMPILER_APPICON_NAME = AppIcon;
				EMBEDDED_CONTENT_CONTAINS_SWIFT = YES;
				IBSC_MODULE = PizzaAWatch_WatchKit_Extension;
				INFOPLIST_FILE = "PizzaAWatch WatchKit App/Info.plist";
				PRODUCT_BUNDLE_IDENTIFIER = com.Beast9.PizzaAWatch.watchkitapp;
				PRODUCT_NAME = "$(TARGET_NAME)";
				SDKROOT = watchos;
				SKIP_INSTALL = YES;
				TARGETED_DEVICE_FAMILY = 4;
				WATCHOS_DEPLOYMENT_TARGET = 2.2;
			};
			name = Release;
		};
		D9C990D91D9D669C000D5DF5 /* Debug */ = {
			isa = XCBuildConfiguration;
			buildSettings = {
				ASSETCATALOG_COMPILER_APPICON_NAME = AppIcon;
				INFOPLIST_FILE = PizzaAWatch/Info.plist;
				LD_RUNPATH_SEARCH_PATHS = "$(inherited) @executable_path/Frameworks";
				PRODUCT_BUNDLE_IDENTIFIER = com.Beast9.PizzaAWatch;
				PRODUCT_NAME = "$(TARGET_NAME)";
			};
			name = Debug;
		};
		D9C990DA1D9D669C000D5DF5 /* Release */ = {
			isa = XCBuildConfiguration;
			buildSettings = {
				ASSETCATALOG_COMPILER_APPICON_NAME = AppIcon;
				INFOPLIST_FILE = PizzaAWatch/Info.plist;
				LD_RUNPATH_SEARCH_PATHS = "$(inherited) @executable_path/Frameworks";
				PRODUCT_BUNDLE_IDENTIFIER = com.Beast9.PizzaAWatch;
				PRODUCT_NAME = "$(TARGET_NAME)";
			};
			name = Release;
		};
/* End XCBuildConfiguration section */

/* Begin XCConfigurationList section */
		D9C9909C1D9D669C000D5DF5 /* Build configuration list for PBXProject "PizzaAWatch" */ = {
			isa = XCConfigurationList;
			buildConfigurations = (
				D9C990CE1D9D669C000D5DF5 /* Debug */,
				D9C990CF1D9D669C000D5DF5 /* Release */,
			);
			defaultConfigurationIsVisible = 0;
			defaultConfigurationName = Release;
		};
		D9C990D01D9D669C000D5DF5 /* Build configuration list for PBXNativeTarget "PizzaAWatch WatchKit Extension" */ = {
			isa = XCConfigurationList;
			buildConfigurations = (
				D9C990D11D9D669C000D5DF5 /* Debug */,
				D9C990D21D9D669C000D5DF5 /* Release */,
			);
			defaultConfigurationIsVisible = 0;
			defaultConfigurationName = Release;
		};
		D9C990D41D9D669C000D5DF5 /* Build configuration list for PBXNativeTarget "PizzaAWatch WatchKit App" */ = {
			isa = XCConfigurationList;
			buildConfigurations = (
				D9C990D51D9D669C000D5DF5 /* Debug */,
				D9C990D61D9D669C000D5DF5 /* Release */,
			);
			defaultConfigurationIsVisible = 0;
			defaultConfigurationName = Release;
		};
		D9C990D81D9D669C000D5DF5 /* Build configuration list for PBXNativeTarget "PizzaAWatch" */ = {
			isa = XCConfigurationList;
			buildConfigurations = (
				D9C990D91D9D669C000D5DF5 /* Debug */,
				D9C990DA1D9D669C000D5DF5 /* Release */,
			);
			defaultConfigurationIsVisible = 0;
			defaultConfigurationName = Release;
		};
/* End XCConfigurationList section */
	};
	rootObject = D9C990991D9D669C000D5DF5 /* Project object */;
}
